// !$*UTF8*$!
{
	archiveVersion = 1;
	classes = {
	};
	objectVersion = 55;
	objects = {

/* Begin PBXBuildFile section */
		504C8AE72876F6FD00AA95B3 /* SpinningView.swift in Sources */ = {isa = PBXBuildFile; fileRef = 504C8AE62876F6FD00AA95B3 /* SpinningView.swift */; };
		506EA7A7279ACA20002A8DCB /* CustomLoader.swift in Sources */ = {isa = PBXBuildFile; fileRef = 506EA7A6279ACA20002A8DCB /* CustomLoader.swift */; };
		50723E6027F80ECF003242DD /* Constants.swift in Sources */ = {isa = PBXBuildFile; fileRef = 50723E5F27F80ECF003242DD /* Constants.swift */; };
		50C728022767383F00044FFA /* AppDelegate.swift in Sources */ = {isa = PBXBuildFile; fileRef = 50C727F12767383F00044FFA /* AppDelegate.swift */; };
		50C728032767383F00044FFA /* ViewController.swift in Sources */ = {isa = PBXBuildFile; fileRef = 50C727F32767383F00044FFA /* ViewController.swift */; };
		50C728042767383F00044FFA /* LaunchScreen.storyboard in Resources */ = {isa = PBXBuildFile; fileRef = 50C727F52767383F00044FFA /* LaunchScreen.storyboard */; };
		50C728052767383F00044FFA /* Main.storyboard in Resources */ = {isa = PBXBuildFile; fileRef = 50C727F62767383F00044FFA /* Main.storyboard */; };
		50C728062767383F00044FFA /* Config.swift in Sources */ = {isa = PBXBuildFile; fileRef = 50C727F82767383F00044FFA /* Config.swift */; };
		50C728072767383F00044FFA /* Extensions.swift in Sources */ = {isa = PBXBuildFile; fileRef = 50C727F92767383F00044FFA /* Extensions.swift */; };
		50C728082767383F00044FFA /* NetworkHandler.swift in Sources */ = {isa = PBXBuildFile; fileRef = 50C727FA2767383F00044FFA /* NetworkHandler.swift */; };
		50C7280B2767383F00044FFA /* Assets.xcassets in Resources */ = {isa = PBXBuildFile; fileRef = 50C727FF2767383F00044FFA /* Assets.xcassets */; };
/* End PBXBuildFile section */

/* Begin PBXCopyFilesBuildPhase section */
		5097F1042771A34900E221F2 /* Embed Frameworks */ = {
			isa = PBXCopyFilesBuildPhase;
			buildActionMask = 2147483647;
			dstPath = "";
			dstSubfolderSpec = 10;
			files = (
			);
			name = "Embed Frameworks";
			runOnlyForDeploymentPostprocessing = 0;
		};
/* End PBXCopyFilesBuildPhase section */

/* Begin PBXFileReference section */
		504C8AE62876F6FD00AA95B3 /* SpinningView.swift */ = {isa = PBXFileReference; fileEncoding = 4; lastKnownFileType = sourcecode.swift; path = SpinningView.swift; sourceTree = "<group>"; };
		506EA7A6279ACA20002A8DCB /* CustomLoader.swift */ = {isa = PBXFileReference; fileEncoding = 4; lastKnownFileType = sourcecode.swift; path = CustomLoader.swift; sourceTree = "<group>"; };
		50723E5F27F80ECF003242DD /* Constants.swift */ = {isa = PBXFileReference; fileEncoding = 4; lastKnownFileType = sourcecode.swift; path = Constants.swift; sourceTree = "<group>"; };
		50C727BC276737F800044FFA /* PhylloConnectSample.app */ = {isa = PBXFileReference; explicitFileType = wrapper.application; includeInIndex = 0; path = PhylloConnectSample.app; sourceTree = BUILT_PRODUCTS_DIR; };
		50C727F12767383F00044FFA /* AppDelegate.swift */ = {isa = PBXFileReference; fileEncoding = 4; lastKnownFileType = sourcecode.swift; path = AppDelegate.swift; sourceTree = "<group>"; };
		50C727F32767383F00044FFA /* ViewController.swift */ = {isa = PBXFileReference; fileEncoding = 4; lastKnownFileType = sourcecode.swift; path = ViewController.swift; sourceTree = "<group>"; };
		50C727F52767383F00044FFA /* LaunchScreen.storyboard */ = {isa = PBXFileReference; fileEncoding = 4; lastKnownFileType = file.storyboard; path = LaunchScreen.storyboard; sourceTree = "<group>"; };
		50C727F62767383F00044FFA /* Main.storyboard */ = {isa = PBXFileReference; fileEncoding = 4; lastKnownFileType = file.storyboard; path = Main.storyboard; sourceTree = "<group>"; };
		50C727F82767383F00044FFA /* Config.swift */ = {isa = PBXFileReference; fileEncoding = 4; lastKnownFileType = sourcecode.swift; path = Config.swift; sourceTree = "<group>"; };
		50C727F92767383F00044FFA /* Extensions.swift */ = {isa = PBXFileReference; fileEncoding = 4; lastKnownFileType = sourcecode.swift; path = Extensions.swift; sourceTree = "<group>"; };
		50C727FA2767383F00044FFA /* NetworkHandler.swift */ = {isa = PBXFileReference; fileEncoding = 4; lastKnownFileType = sourcecode.swift; path = NetworkHandler.swift; sourceTree = "<group>"; };
		50C727FF2767383F00044FFA /* Assets.xcassets */ = {isa = PBXFileReference; lastKnownFileType = folder.assetcatalog; path = Assets.xcassets; sourceTree = "<group>"; };
		50C7280D2767391000044FFA /* Info.plist */ = {isa = PBXFileReference; fileEncoding = 4; lastKnownFileType = text.plist.xml; path = Info.plist; sourceTree = "<group>"; };
/* End PBXFileReference section */

/* Begin PBXFrameworksBuildPhase section */
		50C727B9276737F800044FFA /* Frameworks */ = {
			isa = PBXFrameworksBuildPhase;
			buildActionMask = 2147483647;
			files = (
			);
			runOnlyForDeploymentPostprocessing = 0;
		};
/* End PBXFrameworksBuildPhase section */

/* Begin PBXGroup section */
		50C727B3276737F800044FFA = {
			isa = PBXGroup;
			children = (
				50C727BE276737F800044FFA /* PhylloConnectSample */,
				50C727BD276737F800044FFA /* Products */,
				AADEA591770E6CBF81190CD9 /* Frameworks */,
			);
			sourceTree = "<group>";
		};
		50C727BD276737F800044FFA /* Products */ = {
			isa = PBXGroup;
			children = (
				50C727BC276737F800044FFA /* PhylloConnectSample.app */,
			);
			name = Products;
			sourceTree = "<group>";
		};
		50C727BE276737F800044FFA /* PhylloConnectSample */ = {
			isa = PBXGroup;
			children = (
				50C727F72767383F00044FFA /* Classes */,
				50C727FC2767383F00044FFA /* Resources */,
				50C727EF2767383F00044FFA /* Shared */,
				50C727F22767383F00044FFA /* ViewControllers */,
				50C727F42767383F00044FFA /* Views */,
				50C7280D2767391000044FFA /* Info.plist */,
			);
			path = PhylloConnectSample;
			sourceTree = "<group>";
		};
		50C727EF2767383F00044FFA /* Shared */ = {
			isa = PBXGroup;
			children = (
				50C727F12767383F00044FFA /* AppDelegate.swift */,
			);
			path = Shared;
			sourceTree = "<group>";
		};
		50C727F22767383F00044FFA /* ViewControllers */ = {
			isa = PBXGroup;
			children = (
				50C727F32767383F00044FFA /* ViewController.swift */,
			);
			path = ViewControllers;
			sourceTree = "<group>";
		};
		50C727F42767383F00044FFA /* Views */ = {
			isa = PBXGroup;
			children = (
				50C727F52767383F00044FFA /* LaunchScreen.storyboard */,
				50C727F62767383F00044FFA /* Main.storyboard */,
			);
			path = Views;
			sourceTree = "<group>";
		};
		50C727F72767383F00044FFA /* Classes */ = {
			isa = PBXGroup;
			children = (
				50C727F82767383F00044FFA /* Config.swift */,
				50C727F92767383F00044FFA /* Extensions.swift */,
				506EA7A6279ACA20002A8DCB /* CustomLoader.swift */,
				504C8AE62876F6FD00AA95B3 /* SpinningView.swift */,
				50C727FA2767383F00044FFA /* NetworkHandler.swift */,
				50723E5F27F80ECF003242DD /* Constants.swift */,
			);
			path = Classes;
			sourceTree = "<group>";
		};
		50C727FC2767383F00044FFA /* Resources */ = {
			isa = PBXGroup;
			children = (
				50C727FF2767383F00044FFA /* Assets.xcassets */,
			);
			path = Resources;
			sourceTree = "<group>";
		};
		AADEA591770E6CBF81190CD9 /* Frameworks */ = {
			isa = PBXGroup;
			children = (
			);
			name = Frameworks;
			sourceTree = "<group>";
		};
/* End PBXGroup section */

/* Begin PBXNativeTarget section */
		50C727BB276737F800044FFA /* PhylloConnectSample */ = {
			isa = PBXNativeTarget;
			buildConfigurationList = 50C727E6276737F800044FFA /* Build configuration list for PBXNativeTarget "PhylloConnectSample" */;
			buildPhases = (
				50C727B8276737F800044FFA /* Sources */,
				50C727B9276737F800044FFA /* Frameworks */,
				50C727BA276737F800044FFA /* Resources */,
				5097F1042771A34900E221F2 /* Embed Frameworks */,
			);
			buildRules = (
			);
			dependencies = (
			);
			name = PhylloConnectSample;
			productName = PhylloConnectSample;
			productReference = 50C727BC276737F800044FFA /* PhylloConnectSample.app */;
			productType = "com.apple.product-type.application";
		};
/* End PBXNativeTarget section */

/* Begin PBXProject section */
		50C727B4276737F800044FFA /* Project object */ = {
			isa = PBXProject;
			attributes = {
				BuildIndependentTargetsInParallel = 1;
				LastSwiftUpdateCheck = 1310;
				LastUpgradeCheck = 1310;
				TargetAttributes = {
					50C727BB276737F800044FFA = {
						CreatedOnToolsVersion = 13.1;
					};
				};
			};
			buildConfigurationList = 50C727B7276737F800044FFA /* Build configuration list for PBXProject "PhylloConnectSample" */;
			compatibilityVersion = "Xcode 13.0";
			developmentRegion = en;
			hasScannedForEncodings = 0;
			knownRegions = (
				en,
				Base,
			);
			mainGroup = 50C727B3276737F800044FFA;
			productRefGroup = 50C727BD276737F800044FFA /* Products */;
			projectDirPath = "";
			projectRoot = "";
			targets = (
				50C727BB276737F800044FFA /* PhylloConnectSample */,
			);
		};
/* End PBXProject section */

/* Begin PBXResourcesBuildPhase section */
		50C727BA276737F800044FFA /* Resources */ = {
			isa = PBXResourcesBuildPhase;
			buildActionMask = 2147483647;
			files = (
				50C728042767383F00044FFA /* LaunchScreen.storyboard in Resources */,
				50C7280B2767383F00044FFA /* Assets.xcassets in Resources */,
				50C728052767383F00044FFA /* Main.storyboard in Resources */,
			);
			runOnlyForDeploymentPostprocessing = 0;
		};
/* End PBXResourcesBuildPhase section */

/* Begin PBXSourcesBuildPhase section */
		50C727B8276737F800044FFA /* Sources */ = {
			isa = PBXSourcesBuildPhase;
			buildActionMask = 2147483647;
			files = (
				50C728072767383F00044FFA /* Extensions.swift in Sources */,
				504C8AE72876F6FD00AA95B3 /* SpinningView.swift in Sources */,
				506EA7A7279ACA20002A8DCB /* CustomLoader.swift in Sources */,
				50C728032767383F00044FFA /* ViewController.swift in Sources */,
				50C728062767383F00044FFA /* Config.swift in Sources */,
				50C728022767383F00044FFA /* AppDelegate.swift in Sources */,
				50C728082767383F00044FFA /* NetworkHandler.swift in Sources */,
				50723E6027F80ECF003242DD /* Constants.swift in Sources */,
			);
			runOnlyForDeploymentPostprocessing = 0;
		};
/* End PBXSourcesBuildPhase section */

/* Begin XCBuildConfiguration section */
		50C727E4276737F800044FFA /* Debug */ = {
			isa = XCBuildConfiguration;
			buildSettings = {
				ALWAYS_SEARCH_USER_PATHS = NO;
				CLANG_ANALYZER_NONNULL = YES;
				CLANG_ANALYZER_NUMBER_OBJECT_CONVERSION = YES_AGGRESSIVE;
				CLANG_CXX_LANGUAGE_STANDARD = "gnu++17";
				CLANG_CXX_LIBRARY = "libc++";
				CLANG_ENABLE_MODULES = YES;
				CLANG_ENABLE_OBJC_ARC = YES;
				CLANG_ENABLE_OBJC_WEAK = YES;
				CLANG_WARN_BLOCK_CAPTURE_AUTORELEASING = YES;
				CLANG_WARN_BOOL_CONVERSION = YES;
				CLANG_WARN_COMMA = YES;
				CLANG_WARN_CONSTANT_CONVERSION = YES;
				CLANG_WARN_DEPRECATED_OBJC_IMPLEMENTATIONS = YES;
				CLANG_WARN_DIRECT_OBJC_ISA_USAGE = YES_ERROR;
				CLANG_WARN_DOCUMENTATION_COMMENTS = YES;
				CLANG_WARN_EMPTY_BODY = YES;
				CLANG_WARN_ENUM_CONVERSION = YES;
				CLANG_WARN_INFINITE_RECURSION = YES;
				CLANG_WARN_INT_CONVERSION = YES;
				CLANG_WARN_NON_LITERAL_NULL_CONVERSION = YES;
				CLANG_WARN_OBJC_IMPLICIT_RETAIN_SELF = YES;
				CLANG_WARN_OBJC_LITERAL_CONVERSION = YES;
				CLANG_WARN_OBJC_ROOT_CLASS = YES_ERROR;
				CLANG_WARN_QUOTED_INCLUDE_IN_FRAMEWORK_HEADER = YES;
				CLANG_WARN_RANGE_LOOP_ANALYSIS = YES;
				CLANG_WARN_STRICT_PROTOTYPES = YES;
				CLANG_WARN_SUSPICIOUS_MOVE = YES;
				CLANG_WARN_UNGUARDED_AVAILABILITY = YES_AGGRESSIVE;
				CLANG_WARN_UNREACHABLE_CODE = YES;
				CLANG_WARN__DUPLICATE_METHOD_MATCH = YES;
				COPY_PHASE_STRIP = NO;
				DEBUG_INFORMATION_FORMAT = dwarf;
				ENABLE_STRICT_OBJC_MSGSEND = YES;
				ENABLE_TESTABILITY = YES;
				GCC_C_LANGUAGE_STANDARD = gnu11;
				GCC_DYNAMIC_NO_PIC = NO;
				GCC_NO_COMMON_BLOCKS = YES;
				GCC_OPTIMIZATION_LEVEL = 0;
				GCC_PREPROCESSOR_DEFINITIONS = (
					"DEBUG=1",
					"$(inherited)",
				);
				GCC_WARN_64_TO_32_BIT_CONVERSION = YES;
				GCC_WARN_ABOUT_RETURN_TYPE = YES_ERROR;
				GCC_WARN_UNDECLARED_SELECTOR = YES;
				GCC_WARN_UNINITIALIZED_AUTOS = YES_AGGRESSIVE;
				GCC_WARN_UNUSED_FUNCTION = YES;
				GCC_WARN_UNUSED_VARIABLE = YES;
				IPHONEOS_DEPLOYMENT_TARGET = 12.0;
				MTL_ENABLE_DEBUG_INFO = INCLUDE_SOURCE;
				MTL_FAST_MATH = YES;
				ONLY_ACTIVE_ARCH = YES;
				SDKROOT = iphoneos;
				SWIFT_ACTIVE_COMPILATION_CONDITIONS = DEBUG;
				SWIFT_OPTIMIZATION_LEVEL = "-Onone";
			};
			name = Debug;
		};
		50C727E5276737F800044FFA /* Release */ = {
			isa = XCBuildConfiguration;
			buildSettings = {
				ALWAYS_SEARCH_USER_PATHS = NO;
				CLANG_ANALYZER_NONNULL = YES;
				CLANG_ANALYZER_NUMBER_OBJECT_CONVERSION = YES_AGGRESSIVE;
				CLANG_CXX_LANGUAGE_STANDARD = "gnu++17";
				CLANG_CXX_LIBRARY = "libc++";
				CLANG_ENABLE_MODULES = YES;
				CLANG_ENABLE_OBJC_ARC = YES;
				CLANG_ENABLE_OBJC_WEAK = YES;
				CLANG_WARN_BLOCK_CAPTURE_AUTORELEASING = YES;
				CLANG_WARN_BOOL_CONVERSION = YES;
				CLANG_WARN_COMMA = YES;
				CLANG_WARN_CONSTANT_CONVERSION = YES;
				CLANG_WARN_DEPRECATED_OBJC_IMPLEMENTATIONS = YES;
				CLANG_WARN_DIRECT_OBJC_ISA_USAGE = YES_ERROR;
				CLANG_WARN_DOCUMENTATION_COMMENTS = YES;
				CLANG_WARN_EMPTY_BODY = YES;
				CLANG_WARN_ENUM_CONVERSION = YES;
				CLANG_WARN_INFINITE_RECURSION = YES;
				CLANG_WARN_INT_CONVERSION = YES;
				CLANG_WARN_NON_LITERAL_NULL_CONVERSION = YES;
				CLANG_WARN_OBJC_IMPLICIT_RETAIN_SELF = YES;
				CLANG_WARN_OBJC_LITERAL_CONVERSION = YES;
				CLANG_WARN_OBJC_ROOT_CLASS = YES_ERROR;
				CLANG_WARN_QUOTED_INCLUDE_IN_FRAMEWORK_HEADER = YES;
				CLANG_WARN_RANGE_LOOP_ANALYSIS = YES;
				CLANG_WARN_STRICT_PROTOTYPES = YES;
				CLANG_WARN_SUSPICIOUS_MOVE = YES;
				CLANG_WARN_UNGUARDED_AVAILABILITY = YES_AGGRESSIVE;
				CLANG_WARN_UNREACHABLE_CODE = YES;
				CLANG_WARN__DUPLICATE_METHOD_MATCH = YES;
				COPY_PHASE_STRIP = NO;
				DEBUG_INFORMATION_FORMAT = "dwarf-with-dsym";
				ENABLE_NS_ASSERTIONS = NO;
				ENABLE_STRICT_OBJC_MSGSEND = YES;
				GCC_C_LANGUAGE_STANDARD = gnu11;
				GCC_NO_COMMON_BLOCKS = YES;
				GCC_WARN_64_TO_32_BIT_CONVERSION = YES;
				GCC_WARN_ABOUT_RETURN_TYPE = YES_ERROR;
				GCC_WARN_UNDECLARED_SELECTOR = YES;
				GCC_WARN_UNINITIALIZED_AUTOS = YES_AGGRESSIVE;
				GCC_WARN_UNUSED_FUNCTION = YES;
				GCC_WARN_UNUSED_VARIABLE = YES;
				IPHONEOS_DEPLOYMENT_TARGET = 12.0;
				MTL_ENABLE_DEBUG_INFO = NO;
				MTL_FAST_MATH = YES;
				SDKROOT = iphoneos;
				SWIFT_COMPILATION_MODE = wholemodule;
				SWIFT_OPTIMIZATION_LEVEL = "-O";
				VALIDATE_PRODUCT = YES;
			};
			name = Release;
		};
		50C727E7276737F800044FFA /* Debug */ = {
			isa = XCBuildConfiguration;
			buildSettings = {
				ASSETCATALOG_COMPILER_APPICON_NAME = AppIcon;
				ASSETCATALOG_COMPILER_GLOBAL_ACCENT_COLOR_NAME = AccentColor;
				CODE_SIGN_IDENTITY = "iPhone Developer";
				CODE_SIGN_STYLE = Manual;
				CURRENT_PROJECT_VERSION = 1;
				DEVELOPMENT_TEAM = 526T25R6A9;
				GENERATE_INFOPLIST_FILE = YES;
				INFOPLIST_FILE = PhylloConnectSample/Info.plist;
				INFOPLIST_KEY_UIApplicationSupportsIndirectInputEvents = YES;
				INFOPLIST_KEY_UILaunchStoryboardName = LaunchScreen;
				INFOPLIST_KEY_UIMainStoryboardFile = Main;
				INFOPLIST_KEY_UISupportedInterfaceOrientations = UIInterfaceOrientationPortrait;
				INFOPLIST_KEY_UISupportedInterfaceOrientations_iPad = "UIInterfaceOrientationPortrait UIInterfaceOrientationPortraitUpsideDown UIInterfaceOrientationLandscapeLeft UIInterfaceOrientationLandscapeRight";
				INFOPLIST_KEY_UISupportedInterfaceOrientations_iPhone = "UIInterfaceOrientationPortrait UIInterfaceOrientationLandscapeLeft UIInterfaceOrientationLandscapeRight";
				INFOPLIST_KEY_UIUserInterfaceStyle = Light;
				LD_RUNPATH_SEARCH_PATHS = (
					"$(inherited)",
					"@executable_path/Frameworks",
				);
				MARKETING_VERSION = 1.0;
				PRODUCT_BUNDLE_IDENTIFIER = com.getphyllo.phylloconnectsample;
				PRODUCT_NAME = "$(TARGET_NAME)";
				PROVISIONING_PROFILE_SPECIFIER = dev_wildcard;
				SWIFT_EMIT_LOC_STRINGS = YES;
				SWIFT_VERSION = 5.0;
				TARGETED_DEVICE_FAMILY = "1,2";
			};
			name = Debug;
		};
		50C727E8276737F800044FFA /* Release */ = {
			isa = XCBuildConfiguration;
			buildSettings = {
				ASSETCATALOG_COMPILER_APPICON_NAME = AppIcon;
				ASSETCATALOG_COMPILER_GLOBAL_ACCENT_COLOR_NAME = AccentColor;
				CODE_SIGN_IDENTITY = "iPhone Developer";
				CODE_SIGN_STYLE = Manual;
				CURRENT_PROJECT_VERSION = 1;
				DEVELOPMENT_TEAM = 526T25R6A9;
				GENERATE_INFOPLIST_FILE = YES;
				INFOPLIST_FILE = PhylloConnectSample/Info.plist;
				INFOPLIST_KEY_UIApplicationSupportsIndirectInputEvents = YES;
				INFOPLIST_KEY_UILaunchStoryboardName = LaunchScreen;
				INFOPLIST_KEY_UIMainStoryboardFile = Main;
				INFOPLIST_KEY_UISupportedInterfaceOrientations = UIInterfaceOrientationPortrait;
				INFOPLIST_KEY_UISupportedInterfaceOrientations_iPad = "UIInterfaceOrientationPortrait UIInterfaceOrientationPortraitUpsideDown UIInterfaceOrientationLandscapeLeft UIInterfaceOrientationLandscapeRight";
				INFOPLIST_KEY_UISupportedInterfaceOrientations_iPhone = "UIInterfaceOrientationPortrait UIInterfaceOrientationLandscapeLeft UIInterfaceOrientationLandscapeRight";
				INFOPLIST_KEY_UIUserInterfaceStyle = Light;
				LD_RUNPATH_SEARCH_PATHS = (
					"$(inherited)",
					"@executable_path/Frameworks",
				);
				MARKETING_VERSION = 1.0;
				PRODUCT_BUNDLE_IDENTIFIER = com.getphyllo.phylloconnectsample;
				PRODUCT_NAME = "$(TARGET_NAME)";
				PROVISIONING_PROFILE_SPECIFIER = dev_wildcard;
				SWIFT_EMIT_LOC_STRINGS = YES;
				SWIFT_VERSION = 5.0;
				TARGETED_DEVICE_FAMILY = "1,2";
			};
			name = Release;
		};
/* End XCBuildConfiguration section */

/* Begin XCConfigurationList section */
		50C727B7276737F800044FFA /* Build configuration list for PBXProject "PhylloConnectSample" */ = {
			isa = XCConfigurationList;
			buildConfigurations = (
				50C727E4276737F800044FFA /* Debug */,
				50C727E5276737F800044FFA /* Release */,
			);
			defaultConfigurationIsVisible = 0;
			defaultConfigurationName = Release;
		};
		50C727E6276737F800044FFA /* Build configuration list for PBXNativeTarget "PhylloConnectSample" */ = {
			isa = XCConfigurationList;
			buildConfigurations = (
				50C727E7276737F800044FFA /* Debug */,
				50C727E8276737F800044FFA /* Release */,
			);
			defaultConfigurationIsVisible = 0;
			defaultConfigurationName = Release;
		};
/* End XCConfigurationList section */
	};
	rootObject = 50C727B4276737F800044FFA /* Project object */;
}
